
Microsoft Visual Studio Solution File, Format Version 12.00
# Visual Studio Version 17
VisualStudioVersion = 17.5.33502.453
MinimumVisualStudioVersion = 10.0.40219.1
Project("{9A19103F-16F7-4668-BE54-9A1E7A4F7556}") = "Blazr.ModalDialog", "Blazr.ModalDialog\Blazr.ModalDialog.csproj", "{BD94003A-EE20-45CA-87C8-B71D235A5108}"
EndProject
Project("{2150E333-8FDC-42A3-9474-1A3956D46DE8}") = "Solution Items", "Solution Items", "{DDBD0360-106A-48F3-BE3A-5AACF4F5F3A9}"
	ProjectSection(SolutionItems) = preProject
		readme..md = readme..md
	EndProjectSection
EndProject
Global
	GlobalSection(SolutionConfigurationPlatforms) = preSolution
		Debug|Any CPU = Debug|Any CPU
		Release|Any CPU = Release|Any CPU
	EndGlobalSection
	GlobalSection(ProjectConfigurationPlatforms) = postSolution
		{BD94003A-EE20-45CA-87C8-B71D235A5108}.Debug|Any CPU.ActiveCfg = Debug|Any CPU
		{BD94003A-EE20-45CA-87C8-B71D235A5108}.Debug|Any CPU.Build.0 = Debug|Any CPU
		{BD94003A-EE20-45CA-87C8-B71D235A5108}.Release|Any CPU.ActiveCfg = Release|Any CPU
		{BD94003A-EE20-45CA-87C8-B71D235A5108}.Release|Any CPU.Build.0 = Release|Any CPU
	EndGlobalSection
	GlobalSection(SolutionProperties) = preSolution
		HideSolutionNode = FALSE
	EndGlobalSection
	GlobalSection(ExtensibilityGlobals) = postSolution
		SolutionGuid = {3041699E-30B2-4792-B795-BA7446DFAB14}
	EndGlobalSection
EndGlobal
